
Microsoft Visual Studio Solution File, Format Version 12.00
# Visual Studio 15
VisualStudioVersion = 15.0.28010.0
MinimumVisualStudioVersion = 10.0.40219.1
Project("{FAE04EC0-301F-11D3-BF4B-00C04F79EFBC}") = "WebAppToGitHub", "WebAppToGitHub\WebAppToGitHub.csproj", "{9B0BEA19-F38D-484D-ADC3-D088179C1FAF}"
EndProject
Global
	GlobalSection(SolutionConfigurationPlatforms) = preSolution
		Debug|Any CPU = Debug|Any CPU
		Release|Any CPU = Release|Any CPU
	EndGlobalSection
	GlobalSection(ProjectConfigurationPlatforms) = postSolution
		{9B0BEA19-F38D-484D-ADC3-D088179C1FAF}.Debug|Any CPU.ActiveCfg = Debug|Any CPU
		{9B0BEA19-F38D-484D-ADC3-D088179C1FAF}.Debug|Any CPU.Build.0 = Debug|Any CPU
		{9B0BEA19-F38D-484D-ADC3-D088179C1FAF}.Release|Any CPU.ActiveCfg = Release|Any CPU
		{9B0BEA19-F38D-484D-ADC3-D088179C1FAF}.Release|Any CPU.Build.0 = Release|Any CPU
	EndGlobalSection
	GlobalSection(SolutionProperties) = preSolution
		HideSolutionNode = FALSE
	EndGlobalSection
	GlobalSection(ExtensibilityGlobals) = postSolution
		SolutionGuid = {03417ADE-F3D4-479E-9BA4-082A53DA6D81}
	EndGlobalSection
EndGlobal
